
Microsoft Visual Studio Solution File, Format Version 12.00
# Visual Studio Version 17
VisualStudioVersion = 17.13.35806.99 d17.13
MinimumVisualStudioVersion = 10.0.40219.1
Project("{FAE04EC0-301F-11D3-BF4B-00C04F79EFBC}") = "MyFirstGitProject", "MyFirstGitProject.csproj", "{2CD13F86-9A39-8B45-F70E-865EDBFDAEAD}"
EndProject
Global
	GlobalSection(SolutionConfigurationPlatforms) = preSolution
		Debug|Any CPU = Debug|Any CPU
		Release|Any CPU = Release|Any CPU
	EndGlobalSection
	GlobalSection(ProjectConfigurationPlatforms) = postSolution
		{2CD13F86-9A39-8B45-F70E-865EDBFDAEAD}.Debug|Any CPU.ActiveCfg = Debug|Any CPU
		{2CD13F86-9A39-8B45-F70E-865EDBFDAEAD}.Debug|Any CPU.Build.0 = Debug|Any CPU
		{2CD13F86-9A39-8B45-F70E-865EDBFDAEAD}.Release|Any CPU.ActiveCfg = Release|Any CPU
		{2CD13F86-9A39-8B45-F70E-865EDBFDAEAD}.Release|Any CPU.Build.0 = Release|Any CPU
	EndGlobalSection
	GlobalSection(SolutionProperties) = preSolution
		HideSolutionNode = FALSE
	EndGlobalSection
	GlobalSection(ExtensibilityGlobals) = postSolution
		SolutionGuid = {4129108A-EE3E-47D8-976D-4B8C3D9D8313}
	EndGlobalSection
EndGlobal
